
Microsoft Visual Studio Solution File, Format Version 9.00
# Visual Studio 2005
Project("{FAE04EC0-301F-11D3-BF4B-00C04F79EFBC}") = "EDPMessageBox", "EDPMessageBox\EDPMessageBox.csproj", "{CE659443-FC5A-4368-956B-DF86482BC679}"
EndProject
Global
	GlobalSection(SourceCodeControl) = preSolution
		SccNumberOfProjects = 2
		SccProjectName0 = \u0022$/MIDASGOLD/EDPMessageBox\u0022,\u0020SEOCAAAA
		SccLocalPath0 = .
		SccProvider0 = MSSCCI:Microsoft\u0020Visual\u0020SourceSafe
		CanCheckoutShared = false
		SccProjectUniqueName1 = EDPMessageBox\\EDPMessageBox.csproj
		SccProjectName1 = \u0022$/MIDASGOLD/EDPMessageBox/EDPMessageBox\u0022,\u0020XLPCAAAA
		SccLocalPath1 = EDPMessageBox
		CanCheckoutShared = false
	EndGlobalSection
	GlobalSection(SolutionConfigurationPlatforms) = preSolution
		Debug|Any CPU = Debug|Any CPU
		Release|Any CPU = Release|Any CPU
	EndGlobalSection
	GlobalSection(ProjectConfigurationPlatforms) = postSolution
		{CE659443-FC5A-4368-956B-DF86482BC679}.Debug|Any CPU.ActiveCfg = Debug|Any CPU
		{CE659443-FC5A-4368-956B-DF86482BC679}.Debug|Any CPU.Build.0 = Debug|Any CPU
		{CE659443-FC5A-4368-956B-DF86482BC679}.Release|Any CPU.ActiveCfg = Release|Any CPU
		{CE659443-FC5A-4368-956B-DF86482BC679}.Release|Any CPU.Build.0 = Release|Any CPU
	EndGlobalSection
	GlobalSection(SolutionProperties) = preSolution
		HideSolutionNode = FALSE
	EndGlobalSection
EndGlobal
